// !$*UTF8*$!
{
	archiveVersion = 1;
	classes = {
	};
	objectVersion = 46;
	objects = {

/* Begin PBXBuildFile section */
		7EB1D91B1E36ED0E00591F7B /* main.m in Sources */ = {isa = PBXBuildFile; fileRef = 7EB1D91A1E36ED0E00591F7B /* main.m */; };
		7EB1D91E1E36ED0E00591F7B /* AppDelegate.m in Sources */ = {isa = PBXBuildFile; fileRef = 7EB1D91D1E36ED0E00591F7B /* AppDelegate.m */; };
		7EB1D9211E36ED0E00591F7B /* ViewController.m in Sources */ = {isa = PBXBuildFile; fileRef = 7EB1D9201E36ED0E00591F7B /* ViewController.m */; };
		7EB1D9241E36ED0E00591F7B /* Main.storyboard in Resources */ = {isa = PBXBuildFile; fileRef = 7EB1D9221E36ED0E00591F7B /* Main.storyboard */; };
		7EB1D9261E36ED0E00591F7B /* Assets.xcassets in Resources */ = {isa = PBXBuildFile; fileRef = 7EB1D9251E36ED0E00591F7B /* Assets.xcassets */; };
		7EB1D9291E36ED0E00591F7B /* LaunchScreen.storyboard in Resources */ = {isa = PBXBuildFile; fileRef = 7EB1D9271E36ED0E00591F7B /* LaunchScreen.storyboard */; };
		7EB1D9341E36ED0E00591F7B /* _____Tests.m in Sources */ = {isa = PBXBuildFile; fileRef = 7EB1D9331E36ED0E00591F7B /* _____Tests.m */; };
		7EB1D93F1E36ED0E00591F7B /* _____UITests.m in Sources */ = {isa = PBXBuildFile; fileRef = 7EB1D93E1E36ED0E00591F7B /* _____UITests.m */; };
/* End PBXBuildFile section */

/* Begin PBXContainerItemProxy section */
		7EB1D9301E36ED0E00591F7B /* PBXContainerItemProxy */ = {
			isa = PBXContainerItemProxy;
			containerPortal = 7EB1D90E1E36ED0D00591F7B /* Project object */;
			proxyType = 1;
			remoteGlobalIDString = 7EB1D9151E36ED0D00591F7B;
			remoteInfo = "图片的折叠";
		};
		7EB1D93B1E36ED0E00591F7B /* PBXContainerItemProxy */ = {
			isa = PBXContainerItemProxy;
			containerPortal = 7EB1D90E1E36ED0D00591F7B /* Project object */;
			proxyType = 1;
			remoteGlobalIDString = 7EB1D9151E36ED0D00591F7B;
			remoteInfo = "图片的折叠";
		};
/* End PBXContainerItemProxy section */

/* Begin PBXFileReference section */
		7EB1D9161E36ED0E00591F7B /* 图片的折叠.app */ = {isa = PBXFileReference; explicitFileType = wrapper.application; includeInIndex = 0; path = "图片的折叠.app"; sourceTree = BUILT_PRODUCTS_DIR; };
		7EB1D91A1E36ED0E00591F7B /* main.m */ = {isa = PBXFileReference; lastKnownFileType = sourcecode.c.objc; path = main.m; sourceTree = "<group>"; };
		7EB1D91C1E36ED0E00591F7B /* AppDelegate.h */ = {isa = PBXFileReference; lastKnownFileType = sourcecode.c.h; path = AppDelegate.h; sourceTree = "<group>"; };
		7EB1D91D1E36ED0E00591F7B /* AppDelegate.m */ = {isa = PBXFileReference; lastKnownFileType = sourcecode.c.objc; path = AppDelegate.m; sourceTree = "<group>"; };
		7EB1D91F1E36ED0E00591F7B /* ViewController.h */ = {isa = PBXFileReference; lastKnownFileType = sourcecode.c.h; path = ViewController.h; sourceTree = "<group>"; };
		7EB1D9201E36ED0E00591F7B /* ViewController.m */ = {isa = PBXFileReference; lastKnownFileType = sourcecode.c.objc; path = ViewController.m; sourceTree = "<group>"; };
		7EB1D9231E36ED0E00591F7B /* Base */ = {isa = PBXFileReference; lastKnownFileType = file.storyboard; name = Base; path = Base.lproj/Main.storyboard; sourceTree = "<group>"; };
		7EB1D9251E36ED0E00591F7B /* Assets.xcassets */ = {isa = PBXFileReference; lastKnownFileType = folder.assetcatalog; path = Assets.xcassets; sourceTree = "<group>"; };
		7EB1D9281E36ED0E00591F7B /* Base */ = {isa = PBXFileReference; lastKnownFileType = file.storyboard; name = Base; path = Base.lproj/LaunchScreen.storyboard; sourceTree = "<group>"; };
		7EB1D92A1E36ED0E00591F7B /* Info.plist */ = {isa = PBXFileReference; lastKnownFileType = text.plist.xml; path = Info.plist; sourceTree = "<group>"; };
		7EB1D92F1E36ED0E00591F7B /* 图片的折叠Tests.xctest */ = {isa = PBXFileReference; explicitFileType = wrapper.cfbundle; includeInIndex = 0; path = "图片的折叠Tests.xctest"; sourceTree = BUILT_PRODUCTS_DIR; };
		7EB1D9331E36ED0E00591F7B /* _____Tests.m */ = {isa = PBXFileReference; lastKnownFileType = sourcecode.c.objc; path = "_____Tests.m"; sourceTree = "<group>"; };
		7EB1D9351E36ED0E00591F7B /* Info.plist */ = {isa = PBXFileReference; lastKnownFileType = text.plist.xml; path = Info.plist; sourceTree = "<group>"; };
		7EB1D93A1E36ED0E00591F7B /* 图片的折叠UITests.xctest */ = {isa = PBXFileReference; explicitFileType = wrapper.cfbundle; includeInIndex = 0; path = "图片的折叠UITests.xctest"; sourceTree = BUILT_PRODUCTS_DIR; };
		7EB1D93E1E36ED0E00591F7B /* _____UITests.m */ = {isa = PBXFileReference; lastKnownFileType = sourcecode.c.objc; path = "_____UITests.m"; sourceTree = "<group>"; };
		7EB1D9401E36ED0E00591F7B /* Info.plist */ = {isa = PBXFileReference; lastKnownFileType = text.plist.xml; path = Info.plist; sourceTree = "<group>"; };
/* End PBXFileReference section */

/* Begin PBXFrameworksBuildPhase section */
		7EB1D9131E36ED0D00591F7B /* Frameworks */ = {
			isa = PBXFrameworksBuildPhase;
			buildActionMask = 2147483647;
			files = (
			);
			runOnlyForDeploymentPostprocessing = 0;
		};
		7EB1D92C1E36ED0E00591F7B /* Frameworks */ = {
			isa = PBXFrameworksBuildPhase;
			buildActionMask = 2147483647;
			files = (
			);
			runOnlyForDeploymentPostprocessing = 0;
		};
		7EB1D9371E36ED0E00591F7B /* Frameworks */ = {
			isa = PBXFrameworksBuildPhase;
			buildActionMask = 2147483647;
			files = (
			);
			runOnlyForDeploymentPostprocessing = 0;
		};
/* End PBXFrameworksBuildPhase section */

/* Begin PBXGroup section */
		7EB1D90D1E36ED0D00591F7B = {
			isa = PBXGroup;
			children = (
				7EB1D9181E36ED0E00591F7B /* 图片的折叠 */,
				7EB1D9321E36ED0E00591F7B /* 图片的折叠Tests */,
				7EB1D93D1E36ED0E00591F7B /* 图片的折叠UITests */,
				7EB1D9171E36ED0E00591F7B /* Products */,
			);
			sourceTree = "<group>";
		};
		7EB1D9171E36ED0E00591F7B /* Products */ = {
			isa = PBXGroup;
			children = (
				7EB1D9161E36ED0E00591F7B /* 图片的折叠.app */,
				7EB1D92F1E36ED0E00591F7B /* 图片的折叠Tests.xctest */,
				7EB1D93A1E36ED0E00591F7B /* 图片的折叠UITests.xctest */,
			);
			name = Products;
			sourceTree = "<group>";
		};
		7EB1D9181E36ED0E00591F7B /* 图片的折叠 */ = {
			isa = PBXGroup;
			children = (
				7EB1D91C1E36ED0E00591F7B /* AppDelegate.h */,
				7EB1D91D1E36ED0E00591F7B /* AppDelegate.m */,
				7EB1D91F1E36ED0E00591F7B /* ViewController.h */,
				7EB1D9201E36ED0E00591F7B /* ViewController.m */,
				7EB1D9221E36ED0E00591F7B /* Main.storyboard */,
				7EB1D9251E36ED0E00591F7B /* Assets.xcassets */,
				7EB1D9271E36ED0E00591F7B /* LaunchScreen.storyboard */,
				7EB1D92A1E36ED0E00591F7B /* Info.plist */,
				7EB1D9191E36ED0E00591F7B /* Supporting Files */,
			);
			path = "图片的折叠";
			sourceTree = "<group>";
		};
		7EB1D9191E36ED0E00591F7B /* Supporting Files */ = {
			isa = PBXGroup;
			children = (
				7EB1D91A1E36ED0E00591F7B /* main.m */,
			);
			name = "Supporting Files";
			sourceTree = "<group>";
		};
		7EB1D9321E36ED0E00591F7B /* 图片的折叠Tests */ = {
			isa = PBXGroup;
			children = (
				7EB1D9331E36ED0E00591F7B /* _____Tests.m */,
				7EB1D9351E36ED0E00591F7B /* Info.plist */,
			);
			path = "图片的折叠Tests";
			sourceTree = "<group>";
		};
		7EB1D93D1E36ED0E00591F7B /* 图片的折叠UITests */ = {
			isa = PBXGroup;
			children = (
				7EB1D93E1E36ED0E00591F7B /* _____UITests.m */,
				7EB1D9401E36ED0E00591F7B /* Info.plist */,
			);
			path = "图片的折叠UITests";
			sourceTree = "<group>";
		};
/* End PBXGroup section */

/* Begin PBXNativeTarget section */
		7EB1D9151E36ED0D00591F7B /* 图片的折叠 */ = {
			isa = PBXNativeTarget;
			buildConfigurationList = 7EB1D9431E36ED0E00591F7B /* Build configuration list for PBXNativeTarget "图片的折叠" */;
			buildPhases = (
				7EB1D9121E36ED0D00591F7B /* Sources */,
				7EB1D9131E36ED0D00591F7B /* Frameworks */,
				7EB1D9141E36ED0D00591F7B /* Resources */,
			);
			buildRules = (
			);
			dependencies = (
			);
			name = "图片的折叠";
			productName = "图片的折叠";
			productReference = 7EB1D9161E36ED0E00591F7B /* 图片的折叠.app */;
			productType = "com.apple.product-type.application";
		};
		7EB1D92E1E36ED0E00591F7B /* 图片的折叠Tests */ = {
			isa = PBXNativeTarget;
			buildConfigurationList = 7EB1D9461E36ED0E00591F7B /* Build configuration list for PBXNativeTarget "图片的折叠Tests" */;
			buildPhases = (
				7EB1D92B1E36ED0E00591F7B /* Sources */,
				7EB1D92C1E36ED0E00591F7B /* Frameworks */,
				7EB1D92D1E36ED0E00591F7B /* Resources */,
			);
			buildRules = (
			);
			dependencies = (
				7EB1D9311E36ED0E00591F7B /* PBXTargetDependency */,
			);
			name = "图片的折叠Tests";
			productName = "图片的折叠Tests";
			productReference = 7EB1D92F1E36ED0E00591F7B /* 图片的折叠Tests.xctest */;
			productType = "com.apple.product-type.bundle.unit-test";
		};
		7EB1D9391E36ED0E00591F7B /* 图片的折叠UITests */ = {
			isa = PBXNativeTarget;
			buildConfigurationList = 7EB1D9491E36ED0E00591F7B /* Build configuration list for PBXNativeTarget "图片的折叠UITests" */;
			buildPhases = (
				7EB1D9361E36ED0E00591F7B /* Sources */,
				7EB1D9371E36ED0E00591F7B /* Frameworks */,
				7EB1D9381E36ED0E00591F7B /* Resources */,
			);
			buildRules = (
			);
			dependencies = (
				7EB1D93C1E36ED0E00591F7B /* PBXTargetDependency */,
			);
			name = "图片的折叠UITests";
			productName = "图片的折叠UITests";
			productReference = 7EB1D93A1E36ED0E00591F7B /* 图片的折叠UITests.xctest */;
			productType = "com.apple.product-type.bundle.ui-testing";
		};
/* End PBXNativeTarget section */

/* Begin PBXProject section */
		7EB1D90E1E36ED0D00591F7B /* Project object */ = {
			isa = PBXProject;
			attributes = {
				LastUpgradeCheck = 0820;
				ORGANIZATIONNAME = "zhang yannan";
				TargetAttributes = {
					7EB1D9151E36ED0D00591F7B = {
						CreatedOnToolsVersion = 8.2.1;
						ProvisioningStyle = Automatic;
					};
					7EB1D92E1E36ED0E00591F7B = {
						CreatedOnToolsVersion = 8.2.1;
						ProvisioningStyle = Automatic;
						TestTargetID = 7EB1D9151E36ED0D00591F7B;
					};
					7EB1D9391E36ED0E00591F7B = {
						CreatedOnToolsVersion = 8.2.1;
						ProvisioningStyle = Automatic;
						TestTargetID = 7EB1D9151E36ED0D00591F7B;
					};
				};
			};
			buildConfigurationList = 7EB1D9111E36ED0D00591F7B /* Build configuration list for PBXProject "图片的折叠" */;
			compatibilityVersion = "Xcode 3.2";
			developmentRegion = English;
			hasScannedForEncodings = 0;
			knownRegions = (
				en,
				Base,
			);
			mainGroup = 7EB1D90D1E36ED0D00591F7B;
			productRefGroup = 7EB1D9171E36ED0E00591F7B /* Products */;
			projectDirPath = "";
			projectRoot = "";
			targets = (
				7EB1D9151E36ED0D00591F7B /* 图片的折叠 */,
				7EB1D92E1E36ED0E00591F7B /* 图片的折叠Tests */,
				7EB1D9391E36ED0E00591F7B /* 图片的折叠UITests */,
			);
		};
/* End PBXProject section */

/* Begin PBXResourcesBuildPhase section */
		7EB1D9141E36ED0D00591F7B /* Resources */ = {
			isa = PBXResourcesBuildPhase;
			buildActionMask = 2147483647;
			files = (
				7EB1D9291E36ED0E00591F7B /* LaunchScreen.storyboard in Resources */,
				7EB1D9261E36ED0E00591F7B /* Assets.xcassets in Resources */,
				7EB1D9241E36ED0E00591F7B /* Main.storyboard in Resources */,
			);
			runOnlyForDeploymentPostprocessing = 0;
		};
		7EB1D92D1E36ED0E00591F7B /* Resources */ = {
			isa = PBXResourcesBuildPhase;
			buildActionMask = 2147483647;
			files = (
			);
			runOnlyForDeploymentPostprocessing = 0;
		};
		7EB1D9381E36ED0E00591F7B /* Resources */ = {
			isa = PBXResourcesBuildPhase;
			buildActionMask = 2147483647;
			files = (
			);
			runOnlyForDeploymentPostprocessing = 0;
		};
/* End PBXResourcesBuildPhase section */

/* Begin PBXSourcesBuildPhase section */
		7EB1D9121E36ED0D00591F7B /* Sources */ = {
			isa = PBXSourcesBuildPhase;
			buildActionMask = 2147483647;
			files = (
				7EB1D9211E36ED0E00591F7B /* ViewController.m in Sources */,
				7EB1D91E1E36ED0E00591F7B /* AppDelegate.m in Sources */,
				7EB1D91B1E36ED0E00591F7B /* main.m in Sources */,
			);
			runOnlyForDeploymentPostprocessing = 0;
		};
		7EB1D92B1E36ED0E00591F7B /* Sources */ = {
			isa = PBXSourcesBuildPhase;
			buildActionMask = 2147483647;
			files = (
				7EB1D9341E36ED0E00591F7B /* _____Tests.m in Sources */,
			);
			runOnlyForDeploymentPostprocessing = 0;
		};
		7EB1D9361E36ED0E00591F7B /* Sources */ = {
			isa = PBXSourcesBuildPhase;
			buildActionMask = 2147483647;
			files = (
				7EB1D93F1E36ED0E00591F7B /* _____UITests.m in Sources */,
			);
			runOnlyForDeploymentPostprocessing = 0;
		};
/* End PBXSourcesBuildPhase section */

/* Begin PBXTargetDependency section */
		7EB1D9311E36ED0E00591F7B /* PBXTargetDependency */ = {
			isa = PBXTargetDependency;
			target = 7EB1D9151E36ED0D00591F7B /* 图片的折叠 */;
			targetProxy = 7EB1D9301E36ED0E00591F7B /* PBXContainerItemProxy */;
		};
		7EB1D93C1E36ED0E00591F7B /* PBXTargetDependency */ = {
			isa = PBXTargetDependency;
			target = 7EB1D9151E36ED0D00591F7B /* 图片的折叠 */;
			targetProxy = 7EB1D93B1E36ED0E00591F7B /* PBXContainerItemProxy */;
		};
/* End PBXTargetDependency section */

/* Begin PBXVariantGroup section */
		7EB1D9221E36ED0E00591F7B /* Main.storyboard */ = {
			isa = PBXVariantGroup;
			children = (
				7EB1D9231E36ED0E00591F7B /* Base */,
			);
			name = Main.storyboard;
			sourceTree = "<group>";
		};
		7EB1D9271E36ED0E00591F7B /* LaunchScreen.storyboard */ = {
			isa = PBXVariantGroup;
			children = (
				7EB1D9281E36ED0E00591F7B /* Base */,
			);
			name = LaunchScreen.storyboard;
			sourceTree = "<group>";
		};
/* End PBXVariantGroup section */

/* Begin XCBuildConfiguration section */
		7EB1D9411E36ED0E00591F7B /* Debug */ = {
			isa = XCBuildConfiguration;
			buildSettings = {
				ALWAYS_SEARCH_USER_PATHS = NO;
				CLANG_ANALYZER_NONNULL = YES;
				CLANG_CXX_LANGUAGE_STANDARD = "gnu++0x";
				CLANG_CXX_LIBRARY = "libc++";
				CLANG_ENABLE_MODULES = YES;
				CLANG_ENABLE_OBJC_ARC = YES;
				CLANG_WARN_BOOL_CONVERSION = YES;
				CLANG_WARN_CONSTANT_CONVERSION = YES;
				CLANG_WARN_DIRECT_OBJC_ISA_USAGE = YES_ERROR;
				CLANG_WARN_DOCUMENTATION_COMMENTS = YES;
				CLANG_WARN_EMPTY_BODY = YES;
				CLANG_WARN_ENUM_CONVERSION = YES;
				CLANG_WARN_INFINITE_RECURSION = YES;
				CLANG_WARN_INT_CONVERSION = YES;
				CLANG_WARN_OBJC_ROOT_CLASS = YES_ERROR;
				CLANG_WARN_SUSPICIOUS_MOVE = YES;
				CLANG_WARN_UNREACHABLE_CODE = YES;
				CLANG_WARN__DUPLICATE_METHOD_MATCH = YES;
				"CODE_SIGN_IDENTITY[sdk=iphoneos*]" = "iPhone Developer";
				COPY_PHASE_STRIP = NO;
				DEBUG_INFORMATION_FORMAT = dwarf;
				ENABLE_STRICT_OBJC_MSGSEND = YES;
				ENABLE_TESTABILITY = YES;
				GCC_C_LANGUAGE_STANDARD = gnu99;
				GCC_DYNAMIC_NO_PIC = NO;
				GCC_NO_COMMON_BLOCKS = YES;
				GCC_OPTIMIZATION_LEVEL = 0;
				GCC_PREPROCESSOR_DEFINITIONS = (
					"DEBUG=1",
					"$(inherited)",
				);
				GCC_WARN_64_TO_32_BIT_CONVERSION = YES;
				GCC_WARN_ABOUT_RETURN_TYPE = YES_ERROR;
				GCC_WARN_UNDECLARED_SELECTOR = YES;
				GCC_WARN_UNINITIALIZED_AUTOS = YES_AGGRESSIVE;
				GCC_WARN_UNUSED_FUNCTION = YES;
				GCC_WARN_UNUSED_VARIABLE = YES;
				IPHONEOS_DEPLOYMENT_TARGET = 10.2;
				MTL_ENABLE_DEBUG_INFO = YES;
				ONLY_ACTIVE_ARCH = YES;
				SDKROOT = iphoneos;
			};
			name = Debug;
		};
		7EB1D9421E36ED0E00591F7B /* Release */ = {
			isa = XCBuildConfiguration;
			buildSettings = {
				ALWAYS_SEARCH_USER_PATHS = NO;
				CLANG_ANALYZER_NONNULL = YES;
				CLANG_CXX_LANGUAGE_STANDARD = "gnu++0x";
				CLANG_CXX_LIBRARY = "libc++";
				CLANG_ENABLE_MODULES = YES;
				CLANG_ENABLE_OBJC_ARC = YES;
				CLANG_WARN_BOOL_CONVERSION = YES;
				CLANG_WARN_CONSTANT_CONVERSION = YES;
				CLANG_WARN_DIRECT_OBJC_ISA_USAGE = YES_ERROR;
				CLANG_WARN_DOCUMENTATION_COMMENTS = YES;
				CLANG_WARN_EMPTY_BODY = YES;
				CLANG_WARN_ENUM_CONVERSION = YES;
				CLANG_WARN_INFINITE_RECURSION = YES;
				CLANG_WARN_INT_CONVERSION = YES;
				CLANG_WARN_OBJC_ROOT_CLASS = YES_ERROR;
				CLANG_WARN_SUSPICIOUS_MOVE = YES;
				CLANG_WARN_UNREACHABLE_CODE = YES;
				CLANG_WARN__DUPLICATE_METHOD_MATCH = YES;
				"CODE_SIGN_IDENTITY[sdk=iphoneos*]" = "iPhone Developer";
				COPY_PHASE_STRIP = NO;
				DEBUG_INFORMATION_FORMAT = "dwarf-with-dsym";
				ENABLE_NS_ASSERTIONS = NO;
				ENABLE_STRICT_OBJC_MSGSEND = YES;
				GCC_C_LANGUAGE_STANDARD = gnu99;
				GCC_NO_COMMON_BLOCKS = YES;
				GCC_WARN_64_TO_32_BIT_CONVERSION = YES;
				GCC_WARN_ABOUT_RETURN_TYPE = YES_ERROR;
				GCC_WARN_UNDECLARED_SELECTOR = YES;
				GCC_WARN_UNINITIALIZED_AUTOS = YES_AGGRESSIVE;
				GCC_WARN_UNUSED_FUNCTION = YES;
				GCC_WARN_UNUSED_VARIABLE = YES;
				IPHONEOS_DEPLOYMENT_TARGET = 10.2;
				MTL_ENABLE_DEBUG_INFO = NO;
				SDKROOT = iphoneos;
				VALIDATE_PRODUCT = YES;
			};
			name = Release;
		};
		7EB1D9441E36ED0E00591F7B /* Debug */ = {
			isa = XCBuildConfiguration;
			buildSettings = {
				ASSETCATALOG_COMPILER_APPICON_NAME = AppIcon;
				INFOPLIST_FILE = "图片的折叠/Info.plist";
				LD_RUNPATH_SEARCH_PATHS = "$(inherited) @executable_path/Frameworks";
				PRODUCT_BUNDLE_IDENTIFIER = "myself.-----";
				PRODUCT_NAME = "$(TARGET_NAME)";
			};
			name = Debug;
		};
		7EB1D9451E36ED0E00591F7B /* Release */ = {
			isa = XCBuildConfiguration;
			buildSettings = {
				ASSETCATALOG_COMPILER_APPICON_NAME = AppIcon;
				INFOPLIST_FILE = "图片的折叠/Info.plist";
				LD_RUNPATH_SEARCH_PATHS = "$(inherited) @executable_path/Frameworks";
				PRODUCT_BUNDLE_IDENTIFIER = "myself.-----";
				PRODUCT_NAME = "$(TARGET_NAME)";
			};
			name = Release;
		};
		7EB1D9471E36ED0E00591F7B /* Debug */ = {
			isa = XCBuildConfiguration;
			buildSettings = {
				BUNDLE_LOADER = "$(TEST_HOST)";
				INFOPLIST_FILE = "图片的折叠Tests/Info.plist";
				LD_RUNPATH_SEARCH_PATHS = "$(inherited) @executable_path/Frameworks @loader_path/Frameworks";
				PRODUCT_BUNDLE_IDENTIFIER = "myself.-----Tests";
				PRODUCT_NAME = "$(TARGET_NAME)";
				TEST_HOST = "$(BUILT_PRODUCTS_DIR)/图片的折叠.app/图片的折叠";
			};
			name = Debug;
		};
		7EB1D9481E36ED0E00591F7B /* Release */ = {
			isa = XCBuildConfiguration;
			buildSettings = {
				BUNDLE_LOADER = "$(TEST_HOST)";
				INFOPLIST_FILE = "图片的折叠Tests/Info.plist";
				LD_RUNPATH_SEARCH_PATHS = "$(inherited) @executable_path/Frameworks @loader_path/Frameworks";
				PRODUCT_BUNDLE_IDENTIFIER = "myself.-----Tests";
				PRODUCT_NAME = "$(TARGET_NAME)";
				TEST_HOST = "$(BUILT_PRODUCTS_DIR)/图片的折叠.app/图片的折叠";
			};
			name = Release;
		};
		7EB1D94A1E36ED0E00591F7B /* Debug */ = {
			isa = XCBuildConfiguration;
			buildSettings = {
				INFOPLIST_FILE = "图片的折叠UITests/Info.plist";
				LD_RUNPATH_SEARCH_PATHS = "$(inherited) @executable_path/Frameworks @loader_path/Frameworks";
				PRODUCT_BUNDLE_IDENTIFIER = "myself.-----UITests";
				PRODUCT_NAME = "$(TARGET_NAME)";
				TEST_TARGET_NAME = "图片的折叠";
			};
			name = Debug;
		};
		7EB1D94B1E36ED0E00591F7B /* Release */ = {
			isa = XCBuildConfiguration;
			buildSettings = {
				INFOPLIST_FILE = "图片的折叠UITests/Info.plist";
				LD_RUNPATH_SEARCH_PATHS = "$(inherited) @executable_path/Frameworks @loader_path/Frameworks";
				PRODUCT_BUNDLE_IDENTIFIER = "myself.-----UITests";
				PRODUCT_NAME = "$(TARGET_NAME)";
				TEST_TARGET_NAME = "图片的折叠";
			};
			name = Release;
		};
/* End XCBuildConfiguration section */

/* Begin XCConfigurationList section */
		7EB1D9111E36ED0D00591F7B /* Build configuration list for PBXProject "图片的折叠" */ = {
			isa = XCConfigurationList;
			buildConfigurations = (
				7EB1D9411E36ED0E00591F7B /* Debug */,
				7EB1D9421E36ED0E00591F7B /* Release */,
			);
			defaultConfigurationIsVisible = 0;
			defaultConfigurationName = Release;
		};
		7EB1D9431E36ED0E00591F7B /* Build configuration list for PBXNativeTarget "图片的折叠" */ = {
			isa = XCConfigurationList;
			buildConfigurations = (
				7EB1D9441E36ED0E00591F7B /* Debug */,
				7EB1D9451E36ED0E00591F7B /* Release */,
			);
			defaultConfigurationIsVisible = 0;
		};
		7EB1D9461E36ED0E00591F7B /* Build configuration list for PBXNativeTarget "图片的折叠Tests" */ = {
			isa = XCConfigurationList;
			buildConfigurations = (
				7EB1D9471E36ED0E00591F7B /* Debug */,
				7EB1D9481E36ED0E00591F7B /* Release */,
			);
			defaultConfigurationIsVisible = 0;
		};
		7EB1D9491E36ED0E00591F7B /* Build configuration list for PBXNativeTarget "图片的折叠UITests" */ = {
			isa = XCConfigurationList;
			buildConfigurations = (
				7EB1D94A1E36ED0E00591F7B /* Debug */,
				7EB1D94B1E36ED0E00591F7B /* Release */,
			);
			defaultConfigurationIsVisible = 0;
		};
/* End XCConfigurationList section */
	};
	rootObject = 7EB1D90E1E36ED0D00591F7B /* Project object */;
}
